
Microsoft Visual Studio Solution File, Format Version 12.00
# Visual Studio 2013
VisualStudioVersion = 12.0.21005.1
MinimumVisualStudioVersion = 10.0.40219.1
Project("{FAE04EC0-301F-11D3-BF4B-00C04F79EFBC}") = "TestClient", "TestClient\TestClient.csproj", "{16B7855A-61F0-4A72-8A1A-87EBA7F2EDEF}"
EndProject
Project("{FAE04EC0-301F-11D3-BF4B-00C04F79EFBC}") = "Server", "Server\Server.csproj", "{02132A34-CF24-444F-B0AB-023F990E0A0D}"
EndProject
Project("{FAE04EC0-301F-11D3-BF4B-00C04F79EFBC}") = "Ex3", "Ex3\Ex3.csproj", "{753E2B5F-1B52-4480-A670-171D164B6154}"
EndProject
Project("{FAE04EC0-301F-11D3-BF4B-00C04F79EFBC}") = "Ex2", "Ex2\Ex2.csproj", "{93A16842-F0BC-4356-9DD9-058F51B4BD11}"
EndProject
Project("{FAE04EC0-301F-11D3-BF4B-00C04F79EFBC}") = "Ex4", "Ex4\Ex4.csproj", "{AC41E5BE-2EEA-42B9-A66A-7F81F6FA8169}"
EndProject
Global
	GlobalSection(SolutionConfigurationPlatforms) = preSolution
		Debug|Any CPU = Debug|Any CPU
		Release|Any CPU = Release|Any CPU
	EndGlobalSection
	GlobalSection(ProjectConfigurationPlatforms) = postSolution
		{16B7855A-61F0-4A72-8A1A-87EBA7F2EDEF}.Debug|Any CPU.ActiveCfg = Debug|Any CPU
		{16B7855A-61F0-4A72-8A1A-87EBA7F2EDEF}.Debug|Any CPU.Build.0 = Debug|Any CPU
		{16B7855A-61F0-4A72-8A1A-87EBA7F2EDEF}.Release|Any CPU.ActiveCfg = Release|Any CPU
		{16B7855A-61F0-4A72-8A1A-87EBA7F2EDEF}.Release|Any CPU.Build.0 = Release|Any CPU
		{02132A34-CF24-444F-B0AB-023F990E0A0D}.Debug|Any CPU.ActiveCfg = Debug|Any CPU
		{02132A34-CF24-444F-B0AB-023F990E0A0D}.Debug|Any CPU.Build.0 = Debug|Any CPU
		{02132A34-CF24-444F-B0AB-023F990E0A0D}.Release|Any CPU.ActiveCfg = Release|Any CPU
		{02132A34-CF24-444F-B0AB-023F990E0A0D}.Release|Any CPU.Build.0 = Release|Any CPU
		{753E2B5F-1B52-4480-A670-171D164B6154}.Debug|Any CPU.ActiveCfg = Debug|Any CPU
		{753E2B5F-1B52-4480-A670-171D164B6154}.Debug|Any CPU.Build.0 = Debug|Any CPU
		{753E2B5F-1B52-4480-A670-171D164B6154}.Release|Any CPU.ActiveCfg = Release|Any CPU
		{753E2B5F-1B52-4480-A670-171D164B6154}.Release|Any CPU.Build.0 = Release|Any CPU
		{93A16842-F0BC-4356-9DD9-058F51B4BD11}.Debug|Any CPU.ActiveCfg = Debug|Any CPU
		{93A16842-F0BC-4356-9DD9-058F51B4BD11}.Debug|Any CPU.Build.0 = Debug|Any CPU
		{93A16842-F0BC-4356-9DD9-058F51B4BD11}.Release|Any CPU.ActiveCfg = Release|Any CPU
		{93A16842-F0BC-4356-9DD9-058F51B4BD11}.Release|Any CPU.Build.0 = Release|Any CPU
		{AC41E5BE-2EEA-42B9-A66A-7F81F6FA8169}.Debug|Any CPU.ActiveCfg = Debug|Any CPU
		{AC41E5BE-2EEA-42B9-A66A-7F81F6FA8169}.Debug|Any CPU.Build.0 = Debug|Any CPU
		{AC41E5BE-2EEA-42B9-A66A-7F81F6FA8169}.Release|Any CPU.ActiveCfg = Release|Any CPU
		{AC41E5BE-2EEA-42B9-A66A-7F81F6FA8169}.Release|Any CPU.Build.0 = Release|Any CPU
	EndGlobalSection
	GlobalSection(SolutionProperties) = preSolution
		HideSolutionNode = FALSE
	EndGlobalSection
EndGlobal
